// !$*UTF8*$!
{
	archiveVersion = 1;
	classes = {
	};
	objectVersion = 50;
	objects = {

/* Begin PBXBuildFile section */
		0358F0904AE0B377A509E317 /* Pods_SDImageWebPCoderExample.framework in Frameworks */ = {isa = PBXBuildFile; fileRef = 08D062B84105453A729B2E18 /* Pods_SDImageWebPCoderExample.framework */; };
		803D79D3213597CB00C815FC /* AppDelegate.m in Sources */ = {isa = PBXBuildFile; fileRef = 803D79D2213597CB00C815FC /* AppDelegate.m */; };
		803D79D6213597CB00C815FC /* ViewController.m in Sources */ = {isa = PBXBuildFile; fileRef = 803D79D5213597CB00C815FC /* ViewController.m */; };
		803D79D9213597CB00C815FC /* Main.storyboard in Resources */ = {isa = PBXBuildFile; fileRef = 803D79D7213597CB00C815FC /* Main.storyboard */; };
		803D79DB213597CC00C815FC /* Assets.xcassets in Resources */ = {isa = PBXBuildFile; fileRef = 803D79DA213597CC00C815FC /* Assets.xcassets */; };
		803D79DE213597CC00C815FC /* LaunchScreen.storyboard in Resources */ = {isa = PBXBuildFile; fileRef = 803D79DC213597CC00C815FC /* LaunchScreen.storyboard */; };
		803D79E1213597CC00C815FC /* main.m in Sources */ = {isa = PBXBuildFile; fileRef = 803D79E0213597CC00C815FC /* main.m */; };
		C04477BE8FEEDC78E0968915 /* Pods_SDWebImageWebPCoderExample.framework in Frameworks */ = {isa = PBXBuildFile; fileRef = C77BDBD4B5163F7D451BCFC8 /* Pods_SDWebImageWebPCoderExample.framework */; };
/* End PBXBuildFile section */

/* Begin PBXFileReference section */
		08D062B84105453A729B2E18 /* Pods_SDImageWebPCoderExample.framework */ = {isa = PBXFileReference; explicitFileType = wrapper.framework; includeInIndex = 0; path = Pods_SDImageWebPCoderExample.framework; sourceTree = BUILT_PRODUCTS_DIR; };
		5204DF62292B642922AD88A7 /* Pods-SDWebImageWebPCoderExample.release.xcconfig */ = {isa = PBXFileReference; includeInIndex = 1; lastKnownFileType = text.xcconfig; name = "Pods-SDWebImageWebPCoderExample.release.xcconfig"; path = "Pods/Target Support Files/Pods-SDWebImageWebPCoderExample/Pods-SDWebImageWebPCoderExample.release.xcconfig"; sourceTree = "<group>"; };
		6B2A8799CA055DEFD6287E90 /* Pods-SDImageWebPCoderExample.release.xcconfig */ = {isa = PBXFileReference; includeInIndex = 1; lastKnownFileType = text.xcconfig; name = "Pods-SDImageWebPCoderExample.release.xcconfig"; path = "Pods/Target Support Files/Pods-SDImageWebPCoderExample/Pods-SDImageWebPCoderExample.release.xcconfig"; sourceTree = "<group>"; };
		803D79CE213597CB00C815FC /* SDWebImageWebPCoderExample.app */ = {isa = PBXFileReference; explicitFileType = wrapper.application; includeInIndex = 0; path = SDWebImageWebPCoderExample.app; sourceTree = BUILT_PRODUCTS_DIR; };
		803D79D1213597CB00C815FC /* AppDelegate.h */ = {isa = PBXFileReference; lastKnownFileType = sourcecode.c.h; path = AppDelegate.h; sourceTree = "<group>"; };
		803D79D2213597CB00C815FC /* AppDelegate.m */ = {isa = PBXFileReference; lastKnownFileType = sourcecode.c.objc; path = AppDelegate.m; sourceTree = "<group>"; };
		803D79D4213597CB00C815FC /* ViewController.h */ = {isa = PBXFileReference; lastKnownFileType = sourcecode.c.h; path = ViewController.h; sourceTree = "<group>"; };
		803D79D5213597CB00C815FC /* ViewController.m */ = {isa = PBXFileReference; lastKnownFileType = sourcecode.c.objc; path = ViewController.m; sourceTree = "<group>"; };
		803D79D8213597CB00C815FC /* Base */ = {isa = PBXFileReference; lastKnownFileType = file.storyboard; name = Base; path = Base.lproj/Main.storyboard; sourceTree = "<group>"; };
		803D79DA213597CC00C815FC /* Assets.xcassets */ = {isa = PBXFileReference; lastKnownFileType = folder.assetcatalog; path = Assets.xcassets; sourceTree = "<group>"; };
		803D79DD213597CC00C815FC /* Base */ = {isa = PBXFileReference; lastKnownFileType = file.storyboard; name = Base; path = Base.lproj/LaunchScreen.storyboard; sourceTree = "<group>"; };
		803D79DF213597CC00C815FC /* Info.plist */ = {isa = PBXFileReference; lastKnownFileType = text.plist.xml; path = Info.plist; sourceTree = "<group>"; };
		803D79E0213597CC00C815FC /* main.m */ = {isa = PBXFileReference; lastKnownFileType = sourcecode.c.objc; path = main.m; sourceTree = "<group>"; };
		9C8C6854F3571B183FE25D4E /* Pods-SDImageWebPCoderExample.debug.xcconfig */ = {isa = PBXFileReference; includeInIndex = 1; lastKnownFileType = text.xcconfig; name = "Pods-SDImageWebPCoderExample.debug.xcconfig"; path = "Pods/Target Support Files/Pods-SDImageWebPCoderExample/Pods-SDImageWebPCoderExample.debug.xcconfig"; sourceTree = "<group>"; };
		C77BDBD4B5163F7D451BCFC8 /* Pods_SDWebImageWebPCoderExample.framework */ = {isa = PBXFileReference; explicitFileType = wrapper.framework; includeInIndex = 0; path = Pods_SDWebImageWebPCoderExample.framework; sourceTree = BUILT_PRODUCTS_DIR; };
		ECCF49FEACC8A1934D82D563 /* Pods-SDWebImageWebPCoderExample.debug.xcconfig */ = {isa = PBXFileReference; includeInIndex = 1; lastKnownFileType = text.xcconfig; name = "Pods-SDWebImageWebPCoderExample.debug.xcconfig"; path = "Pods/Target Support Files/Pods-SDWebImageWebPCoderExample/Pods-SDWebImageWebPCoderExample.debug.xcconfig"; sourceTree = "<group>"; };
/* End PBXFileReference section */

/* Begin PBXFrameworksBuildPhase section */
		803D79CB213597CB00C815FC /* Frameworks */ = {
			isa = PBXFrameworksBuildPhase;
			buildActionMask = 2147483647;
			files = (
				0358F0904AE0B377A509E317 /* Pods_SDImageWebPCoderExample.framework in Frameworks */,
				C04477BE8FEEDC78E0968915 /* Pods_SDWebImageWebPCoderExample.framework in Frameworks */,
			);
			runOnlyForDeploymentPostprocessing = 0;
		};
/* End PBXFrameworksBuildPhase section */

/* Begin PBXGroup section */
		09A0AFCF80F579FDF7C105AC /* Pods */ = {
			isa = PBXGroup;
			children = (
				9C8C6854F3571B183FE25D4E /* Pods-SDImageWebPCoderExample.debug.xcconfig */,
				6B2A8799CA055DEFD6287E90 /* Pods-SDImageWebPCoderExample.release.xcconfig */,
				ECCF49FEACC8A1934D82D563 /* Pods-SDWebImageWebPCoderExample.debug.xcconfig */,
				5204DF62292B642922AD88A7 /* Pods-SDWebImageWebPCoderExample.release.xcconfig */,
			);
			name = Pods;
			sourceTree = "<group>";
		};
		4219260BABAB0FF55F41B025 /* Frameworks */ = {
			isa = PBXGroup;
			children = (
				08D062B84105453A729B2E18 /* Pods_SDImageWebPCoderExample.framework */,
				C77BDBD4B5163F7D451BCFC8 /* Pods_SDWebImageWebPCoderExample.framework */,
			);
			name = Frameworks;
			sourceTree = "<group>";
		};
		803D79C5213597CB00C815FC = {
			isa = PBXGroup;
			children = (
				803D79D0213597CB00C815FC /* SDImageWebPCoderExample */,
				803D79CF213597CB00C815FC /* Products */,
				09A0AFCF80F579FDF7C105AC /* Pods */,
				4219260BABAB0FF55F41B025 /* Frameworks */,
			);
			sourceTree = "<group>";
		};
		803D79CF213597CB00C815FC /* Products */ = {
			isa = PBXGroup;
			children = (
				803D79CE213597CB00C815FC /* SDWebImageWebPCoderExample.app */,
			);
			name = Products;
			sourceTree = "<group>";
		};
		803D79D0213597CB00C815FC /* SDImageWebPCoderExample */ = {
			isa = PBXGroup;
			children = (
				803D79D1213597CB00C815FC /* AppDelegate.h */,
				803D79D2213597CB00C815FC /* AppDelegate.m */,
				803D79D4213597CB00C815FC /* ViewController.h */,
				803D79D5213597CB00C815FC /* ViewController.m */,
				803D79D7213597CB00C815FC /* Main.storyboard */,
				803D79DA213597CC00C815FC /* Assets.xcassets */,
				803D79DC213597CC00C815FC /* LaunchScreen.storyboard */,
				803D79DF213597CC00C815FC /* Info.plist */,
				803D79E0213597CC00C815FC /* main.m */,
			);
			name = SDImageWebPCoderExample;
			path = SDWebImageWebPCoderExample;
			sourceTree = "<group>";
		};
/* End PBXGroup section */

/* Begin PBXNativeTarget section */
		803D79CD213597CB00C815FC /* SDWebImageWebPCoderExample */ = {
			isa = PBXNativeTarget;
			buildConfigurationList = 803D79E4213597CC00C815FC /* Build configuration list for PBXNativeTarget "SDWebImageWebPCoderExample" */;
			buildPhases = (
				47B6AB88C962A96D10FA0EF4 /* [CP] Check Pods Manifest.lock */,
				803D79CA213597CB00C815FC /* Sources */,
				803D79CB213597CB00C815FC /* Frameworks */,
				803D79CC213597CB00C815FC /* Resources */,
				3C8DAE2B7C7EB19EB08A4E7D /* [CP] Embed Pods Frameworks */,
			);
			buildRules = (
			);
			dependencies = (
			);
			name = SDWebImageWebPCoderExample;
			productName = SDImageWebPCoderExample;
			productReference = 803D79CE213597CB00C815FC /* SDWebImageWebPCoderExample.app */;
			productType = "com.apple.product-type.application";
		};
/* End PBXNativeTarget section */

/* Begin PBXProject section */
		803D79C6213597CB00C815FC /* Project object */ = {
			isa = PBXProject;
			attributes = {
				LastUpgradeCheck = 0940;
				ORGANIZATIONNAME = SDWebImage;
				TargetAttributes = {
					803D79CD213597CB00C815FC = {
						CreatedOnToolsVersion = 9.4.1;
					};
				};
			};
			buildConfigurationList = 803D79C9213597CB00C815FC /* Build configuration list for PBXProject "SDWebImageWebPCoderExample" */;
			compatibilityVersion = "Xcode 9.3";
			developmentRegion = en;
			hasScannedForEncodings = 0;
			knownRegions = (
				en,
				Base,
			);
			mainGroup = 803D79C5213597CB00C815FC;
			productRefGroup = 803D79CF213597CB00C815FC /* Products */;
			projectDirPath = "";
			projectRoot = "";
			targets = (
				803D79CD213597CB00C815FC /* SDWebImageWebPCoderExample */,
			);
		};
/* End PBXProject section */

/* Begin PBXResourcesBuildPhase section */
		803D79CC213597CB00C815FC /* Resources */ = {
			isa = PBXResourcesBuildPhase;
			buildActionMask = 2147483647;
			files = (
				803D79DE213597CC00C815FC /* LaunchScreen.storyboard in Resources */,
				803D79DB213597CC00C815FC /* Assets.xcassets in Resources */,
				803D79D9213597CB00C815FC /* Main.storyboard in Resources */,
			);
			runOnlyForDeploymentPostprocessing = 0;
		};
/* End PBXResourcesBuildPhase section */

/* Begin PBXShellScriptBuildPhase section */
		3C8DAE2B7C7EB19EB08A4E7D /* [CP] Embed Pods Frameworks */ = {
			isa = PBXShellScriptBuildPhase;
			buildActionMask = 2147483647;
			files = (
			);
			inputPaths = (
				"${SRCROOT}/Pods/Target Support Files/Pods-SDWebImageWebPCoderExample/Pods-SDWebImageWebPCoderExample-frameworks.sh",
				"${BUILT_PRODUCTS_DIR}/SDWebImage/SDWebImage.framework",
				"${BUILT_PRODUCTS_DIR}/SDWebImageWebPCoder/SDWebImageWebPCoder.framework",
				"${BUILT_PRODUCTS_DIR}/libwebp/libwebp.framework",
			);
			name = "[CP] Embed Pods Frameworks";
			outputPaths = (
				"${TARGET_BUILD_DIR}/${FRAMEWORKS_FOLDER_PATH}/SDWebImage.framework",
				"${TARGET_BUILD_DIR}/${FRAMEWORKS_FOLDER_PATH}/SDWebImageWebPCoder.framework",
				"${TARGET_BUILD_DIR}/${FRAMEWORKS_FOLDER_PATH}/libwebp.framework",
			);
			runOnlyForDeploymentPostprocessing = 0;
			shellPath = /bin/sh;
			shellScript = "\"${SRCROOT}/Pods/Target Support Files/Pods-SDWebImageWebPCoderExample/Pods-SDWebImageWebPCoderExample-frameworks.sh\"\n";
			showEnvVarsInLog = 0;
		};
		47B6AB88C962A96D10FA0EF4 /* [CP] Check Pods Manifest.lock */ = {
			isa = PBXShellScriptBuildPhase;
			buildActionMask = 2147483647;
			files = (
			);
			inputPaths = (
				"${PODS_PODFILE_DIR_PATH}/Podfile.lock",
				"${PODS_ROOT}/Manifest.lock",
			);
			name = "[CP] Check Pods Manifest.lock";
			outputPaths = (
				"$(DERIVED_FILE_DIR)/Pods-SDWebImageWebPCoderExample-checkManifestLockResult.txt",
			);
			runOnlyForDeploymentPostprocessing = 0;
			shellPath = /bin/sh;
			shellScript = "diff \"${PODS_PODFILE_DIR_PATH}/Podfile.lock\" \"${PODS_ROOT}/Manifest.lock\" > /dev/null\nif [ $? != 0 ] ; then\n    # print error to STDERR\n    echo \"error: The sandbox is not in sync with the Podfile.lock. Run 'pod install' or update your CocoaPods installation.\" >&2\n    exit 1\nfi\n# This output is used by Xcode 'outputs' to avoid re-running this script phase.\necho \"SUCCESS\" > \"${SCRIPT_OUTPUT_FILE_0}\"\n";
			showEnvVarsInLog = 0;
		};
/* End PBXShellScriptBuildPhase section */

/* Begin PBXSourcesBuildPhase section */
		803D79CA213597CB00C815FC /* Sources */ = {
			isa = PBXSourcesBuildPhase;
			buildActionMask = 2147483647;
			files = (
				803D79D6213597CB00C815FC /* ViewController.m in Sources */,
				803D79E1213597CC00C815FC /* main.m in Sources */,
				803D79D3213597CB00C815FC /* AppDelegate.m in Sources */,
			);
			runOnlyForDeploymentPostprocessing = 0;
		};
/* End PBXSourcesBuildPhase section */

/* Begin PBXVariantGroup section */
		803D79D7213597CB00C815FC /* Main.storyboard */ = {
			isa = PBXVariantGroup;
			children = (
				803D79D8213597CB00C815FC /* Base */,
			);
			name = Main.storyboard;
			sourceTree = "<group>";
		};
		803D79DC213597CC00C815FC /* LaunchScreen.storyboard */ = {
			isa = PBXVariantGroup;
			children = (
				803D79DD213597CC00C815FC /* Base */,
			);
			name = LaunchScreen.storyboard;
			sourceTree = "<group>";
		};
/* End PBXVariantGroup section */

/* Begin XCBuildConfiguration section */
		803D79E2213597CC00C815FC /* Debug */ = {
			isa = XCBuildConfiguration;
			buildSettings = {
				ALWAYS_SEARCH_USER_PATHS = NO;
				CLANG_ANALYZER_NONNULL = YES;
				CLANG_ANALYZER_NUMBER_OBJECT_CONVERSION = YES_AGGRESSIVE;
				CLANG_CXX_LANGUAGE_STANDARD = "gnu++14";
				CLANG_CXX_LIBRARY = "libc++";
				CLANG_ENABLE_MODULES = YES;
				CLANG_ENABLE_OBJC_ARC = YES;
				CLANG_ENABLE_OBJC_WEAK = YES;
				CLANG_WARN_BLOCK_CAPTURE_AUTORELEASING = YES;
				CLANG_WARN_BOOL_CONVERSION = YES;
				CLANG_WARN_COMMA = YES;
				CLANG_WARN_CONSTANT_CONVERSION = YES;
				CLANG_WARN_DEPRECATED_OBJC_IMPLEMENTATIONS = YES;
				CLANG_WARN_DIRECT_OBJC_ISA_USAGE = YES_ERROR;
				CLANG_WARN_DOCUMENTATION_COMMENTS = YES;
				CLANG_WARN_EMPTY_BODY = YES;
				CLANG_WARN_ENUM_CONVERSION = YES;
				CLANG_WARN_INFINITE_RECURSION = YES;
				CLANG_WARN_INT_CONVERSION = YES;
				CLANG_WARN_NON_LITERAL_NULL_CONVERSION = YES;
				CLANG_WARN_OBJC_IMPLICIT_RETAIN_SELF = YES;
				CLANG_WARN_OBJC_LITERAL_CONVERSION = YES;
				CLANG_WARN_OBJC_ROOT_CLASS = YES_ERROR;
				CLANG_WARN_RANGE_LOOP_ANALYSIS = YES;
				CLANG_WARN_STRICT_PROTOTYPES = YES;
				CLANG_WARN_SUSPICIOUS_MOVE = YES;
				CLANG_WARN_UNGUARDED_AVAILABILITY = YES_AGGRESSIVE;
				CLANG_WARN_UNREACHABLE_CODE = YES;
				CLANG_WARN__DUPLICATE_METHOD_MATCH = YES;
				CODE_SIGN_IDENTITY = "iPhone Developer";
				COPY_PHASE_STRIP = NO;
				DEBUG_INFORMATION_FORMAT = dwarf;
				ENABLE_STRICT_OBJC_MSGSEND = YES;
				ENABLE_TESTABILITY = YES;
				GCC_C_LANGUAGE_STANDARD = gnu11;
				GCC_DYNAMIC_NO_PIC = NO;
				GCC_NO_COMMON_BLOCKS = YES;
				GCC_OPTIMIZATION_LEVEL = 0;
				GCC_PREPROCESSOR_DEFINITIONS = (
					"DEBUG=1",
					"$(inherited)",
				);
				GCC_WARN_64_TO_32_BIT_CONVERSION = YES;
				GCC_WARN_ABOUT_RETURN_TYPE = YES_ERROR;
				GCC_WARN_UNDECLARED_SELECTOR = YES;
				GCC_WARN_UNINITIALIZED_AUTOS = YES_AGGRESSIVE;
				GCC_WARN_UNUSED_FUNCTION = YES;
				GCC_WARN_UNUSED_VARIABLE = YES;
				IPHONEOS_DEPLOYMENT_TARGET = 11.4;
				MTL_ENABLE_DEBUG_INFO = YES;
				ONLY_ACTIVE_ARCH = YES;
				SDKROOT = iphoneos;
			};
			name = Debug;
		};
		803D79E3213597CC00C815FC /* Release */ = {
			isa = XCBuildConfiguration;
			buildSettings = {
				ALWAYS_SEARCH_USER_PATHS = NO;
				CLANG_ANALYZER_NONNULL = YES;
				CLANG_ANALYZER_NUMBER_OBJECT_CONVERSION = YES_AGGRESSIVE;
				CLANG_CXX_LANGUAGE_STANDARD = "gnu++14";
				CLANG_CXX_LIBRARY = "libc++";
				CLANG_ENABLE_MODULES = YES;
				CLANG_ENABLE_OBJC_ARC = YES;
				CLANG_ENABLE_OBJC_WEAK = YES;
				CLANG_WARN_BLOCK_CAPTURE_AUTORELEASING = YES;
				CLANG_WARN_BOOL_CONVERSION = YES;
				CLANG_WARN_COMMA = YES;
				CLANG_WARN_CONSTANT_CONVERSION = YES;
				CLANG_WARN_DEPRECATED_OBJC_IMPLEMENTATIONS = YES;
				CLANG_WARN_DIRECT_OBJC_ISA_USAGE = YES_ERROR;
				CLANG_WARN_DOCUMENTATION_COMMENTS = YES;
				CLANG_WARN_EMPTY_BODY = YES;
				CLANG_WARN_ENUM_CONVERSION = YES;
				CLANG_WARN_INFINITE_RECURSION = YES;
				CLANG_WARN_INT_CONVERSION = YES;
				CLANG_WARN_NON_LITERAL_NULL_CONVERSION = YES;
				CLANG_WARN_OBJC_IMPLICIT_RETAIN_SELF = YES;
				CLANG_WARN_OBJC_LITERAL_CONVERSION = YES;
				CLANG_WARN_OBJC_ROOT_CLASS = YES_ERROR;
				CLANG_WARN_RANGE_LOOP_ANALYSIS = YES;
				CLANG_WARN_STRICT_PROTOTYPES = YES;
				CLANG_WARN_SUSPICIOUS_MOVE = YES;
				CLANG_WARN_UNGUARDED_AVAILABILITY = YES_AGGRESSIVE;
				CLANG_WARN_UNREACHABLE_CODE = YES;
				CLANG_WARN__DUPLICATE_METHOD_MATCH = YES;
				CODE_SIGN_IDENTITY = "iPhone Developer";
				COPY_PHASE_STRIP = NO;
				DEBUG_INFORMATION_FORMAT = "dwarf-with-dsym";
				ENABLE_NS_ASSERTIONS = NO;
				ENABLE_STRICT_OBJC_MSGSEND = YES;
				GCC_C_LANGUAGE_STANDARD = gnu11;
				GCC_NO_COMMON_BLOCKS = YES;
				GCC_WARN_64_TO_32_BIT_CONVERSION = YES;
				GCC_WARN_ABOUT_RETURN_TYPE = YES_ERROR;
				GCC_WARN_UNDECLARED_SELECTOR = YES;
				GCC_WARN_UNINITIALIZED_AUTOS = YES_AGGRESSIVE;
				GCC_WARN_UNUSED_FUNCTION = YES;
				GCC_WARN_UNUSED_VARIABLE = YES;
				IPHONEOS_DEPLOYMENT_TARGET = 11.4;
				MTL_ENABLE_DEBUG_INFO = NO;
				SDKROOT = iphoneos;
				VALIDATE_PRODUCT = YES;
			};
			name = Release;
		};
		803D79E5213597CC00C815FC /* Debug */ = {
			isa = XCBuildConfiguration;
			baseConfigurationReference = ECCF49FEACC8A1934D82D563 /* Pods-SDWebImageWebPCoderExample.debug.xcconfig */;
			buildSettings = {
				ASSETCATALOG_COMPILER_APPICON_NAME = AppIcon;
				CODE_SIGN_STYLE = Automatic;
				INFOPLIST_FILE = SDWebImageWebPCoderExample/Info.plist;
				LD_RUNPATH_SEARCH_PATHS = (
					"$(inherited)",
					"@executable_path/Frameworks",
				);
				PRODUCT_BUNDLE_IDENTIFIER = org.SDWebImage.SDWebImageWebPCoderExample;
				PRODUCT_NAME = "$(TARGET_NAME)";
				TARGETED_DEVICE_FAMILY = "1,2";
			};
			name = Debug;
		};
		803D79E6213597CC00C815FC /* Release */ = {
			isa = XCBuildConfiguration;
			baseConfigurationReference = 5204DF62292B642922AD88A7 /* Pods-SDWebImageWebPCoderExample.release.xcconfig */;
			buildSettings = {
				ASSETCATALOG_COMPILER_APPICON_NAME = AppIcon;
				CODE_SIGN_STYLE = Automatic;
				INFOPLIST_FILE = SDWebImageWebPCoderExample/Info.plist;
				LD_RUNPATH_SEARCH_PATHS = (
					"$(inherited)",
					"@executable_path/Frameworks",
				);
				PRODUCT_BUNDLE_IDENTIFIER = org.SDWebImage.SDWebImageWebPCoderExample;
				PRODUCT_NAME = "$(TARGET_NAME)";
				TARGETED_DEVICE_FAMILY = "1,2";
			};
			name = Release;
		};
/* End XCBuildConfiguration section */

/* Begin XCConfigurationList section */
		803D79C9213597CB00C815FC /* Build configuration list for PBXProject "SDWebImageWebPCoderExample" */ = {
			isa = XCConfigurationList;
			buildConfigurations = (
				803D79E2213597CC00C815FC /* Debug */,
				803D79E3213597CC00C815FC /* Release */,
			);
			defaultConfigurationIsVisible = 0;
			defaultConfigurationName = Release;
		};
		803D79E4213597CC00C815FC /* Build configuration list for PBXNativeTarget "SDWebImageWebPCoderExample" */ = {
			isa = XCConfigurationList;
			buildConfigurations = (
				803D79E5213597CC00C815FC /* Debug */,
				803D79E6213597CC00C815FC /* Release */,
			);
			defaultConfigurationIsVisible = 0;
			defaultConfigurationName = Release;
		};
/* End XCConfigurationList section */
	};
	rootObject = 803D79C6213597CB00C815FC /* Project object */;
}
